
Microsoft Visual Studio Solution File, Format Version 12.00
# Visual Studio Version 16
VisualStudioVersion = 16.0.30406.217
MinimumVisualStudioVersion = 10.0.40219.1
Project("{FAE04EC0-301F-11D3-BF4B-00C04F79EFBC}") = "ControleEstoque.Mvc", "ControleEstoque.Mvc\ControleEstoque.Mvc.csproj", "{5B3BDC65-427C-48F9-943B-30DC0E92B172}"
EndProject
Project("{FAE04EC0-301F-11D3-BF4B-00C04F79EFBC}") = "ControleEstoque.Domain", "ControleEstoque.Domain\ControleEstoque.Domain.csproj", "{8309B297-778F-4EEC-897D-864FACB99554}"
EndProject
Project("{FAE04EC0-301F-11D3-BF4B-00C04F79EFBC}") = "ControleEstoque.Database", "ControleEstoque.Database\ControleEstoque.Database.csproj", "{B9B64C04-35D6-4542-B41A-3CB4B14998EA}"
EndProject
Global
	GlobalSection(SolutionConfigurationPlatforms) = preSolution
		Debug|Any CPU = Debug|Any CPU
		Release|Any CPU = Release|Any CPU
	EndGlobalSection
	GlobalSection(ProjectConfigurationPlatforms) = postSolution
		{5B3BDC65-427C-48F9-943B-30DC0E92B172}.Debug|Any CPU.ActiveCfg = Debug|Any CPU
		{5B3BDC65-427C-48F9-943B-30DC0E92B172}.Debug|Any CPU.Build.0 = Debug|Any CPU
		{5B3BDC65-427C-48F9-943B-30DC0E92B172}.Release|Any CPU.ActiveCfg = Release|Any CPU
		{5B3BDC65-427C-48F9-943B-30DC0E92B172}.Release|Any CPU.Build.0 = Release|Any CPU
		{8309B297-778F-4EEC-897D-864FACB99554}.Debug|Any CPU.ActiveCfg = Debug|Any CPU
		{8309B297-778F-4EEC-897D-864FACB99554}.Debug|Any CPU.Build.0 = Debug|Any CPU
		{8309B297-778F-4EEC-897D-864FACB99554}.Release|Any CPU.ActiveCfg = Release|Any CPU
		{8309B297-778F-4EEC-897D-864FACB99554}.Release|Any CPU.Build.0 = Release|Any CPU
		{B9B64C04-35D6-4542-B41A-3CB4B14998EA}.Debug|Any CPU.ActiveCfg = Debug|Any CPU
		{B9B64C04-35D6-4542-B41A-3CB4B14998EA}.Debug|Any CPU.Build.0 = Debug|Any CPU
		{B9B64C04-35D6-4542-B41A-3CB4B14998EA}.Release|Any CPU.ActiveCfg = Release|Any CPU
		{B9B64C04-35D6-4542-B41A-3CB4B14998EA}.Release|Any CPU.Build.0 = Release|Any CPU
	EndGlobalSection
	GlobalSection(SolutionProperties) = preSolution
		HideSolutionNode = FALSE
	EndGlobalSection
	GlobalSection(ExtensibilityGlobals) = postSolution
		SolutionGuid = {11306ED8-3669-4891-990B-A97E6ECF2E53}
	EndGlobalSection
EndGlobal
