
Microsoft Visual Studio Solution File, Format Version 12.00
# Visual Studio Version 16
VisualStudioVersion = 16.0.30406.217
MinimumVisualStudioVersion = 10.0.40219.1
Project("{FAE04EC0-301F-11D3-BF4B-00C04F79EFBC}") = "ControleEstoque.Mvc", "ControleEstoque.Mvc\ControleEstoque.Mvc.csproj", "{5B3BDC65-427C-48F9-943B-30DC0E92B172}"
EndProject
Project("{FAE04EC0-301F-11D3-BF4B-00C04F79EFBC}") = "ControleEstoque.Domain", "ControleEstoque.Domain\ControleEstoque.Domain.csproj", "{8309B297-778F-4EEC-897D-864FACB99554}"
EndProject
Project("{FAE04EC0-301F-11D3-BF4B-00C04F79EFBC}") = "ControleEstoque.Database", "ControleEstoque.Database\ControleEstoque.Database.csproj", "{DEC238C8-7A57-4607-8EFA-414A6C94DC74}"
EndProject
Project("{FAE04EC0-301F-11D3-BF4B-00C04F79EFBC}") = "ControleEstoque.Application", "ControleEstoque.Application\ControleEstoque.Application.csproj", "{483259A5-79D1-40D6-B0BC-E05525FB91CB}"
EndProject
Project("{FAE04EC0-301F-11D3-BF4B-00C04F79EFBC}") = "ControleEstoque.IoC", "ControleEstoque.IoC\ControleEstoque.IoC.csproj", "{39D3A0F7-0567-4775-9223-1224A787016C}"
EndProject
Global
	GlobalSection(SolutionConfigurationPlatforms) = preSolution
		Debug|Any CPU = Debug|Any CPU
		Release|Any CPU = Release|Any CPU
	EndGlobalSection
	GlobalSection(ProjectConfigurationPlatforms) = postSolution
		{5B3BDC65-427C-48F9-943B-30DC0E92B172}.Debug|Any CPU.ActiveCfg = Debug|Any CPU
		{5B3BDC65-427C-48F9-943B-30DC0E92B172}.Debug|Any CPU.Build.0 = Debug|Any CPU
		{5B3BDC65-427C-48F9-943B-30DC0E92B172}.Release|Any CPU.ActiveCfg = Release|Any CPU
		{5B3BDC65-427C-48F9-943B-30DC0E92B172}.Release|Any CPU.Build.0 = Release|Any CPU
		{8309B297-778F-4EEC-897D-864FACB99554}.Debug|Any CPU.ActiveCfg = Debug|Any CPU
		{8309B297-778F-4EEC-897D-864FACB99554}.Debug|Any CPU.Build.0 = Debug|Any CPU
		{8309B297-778F-4EEC-897D-864FACB99554}.Release|Any CPU.ActiveCfg = Release|Any CPU
		{8309B297-778F-4EEC-897D-864FACB99554}.Release|Any CPU.Build.0 = Release|Any CPU
		{DEC238C8-7A57-4607-8EFA-414A6C94DC74}.Debug|Any CPU.ActiveCfg = Debug|Any CPU
		{DEC238C8-7A57-4607-8EFA-414A6C94DC74}.Debug|Any CPU.Build.0 = Debug|Any CPU
		{DEC238C8-7A57-4607-8EFA-414A6C94DC74}.Release|Any CPU.ActiveCfg = Release|Any CPU
		{DEC238C8-7A57-4607-8EFA-414A6C94DC74}.Release|Any CPU.Build.0 = Release|Any CPU
		{483259A5-79D1-40D6-B0BC-E05525FB91CB}.Debug|Any CPU.ActiveCfg = Debug|Any CPU
		{483259A5-79D1-40D6-B0BC-E05525FB91CB}.Debug|Any CPU.Build.0 = Debug|Any CPU
		{483259A5-79D1-40D6-B0BC-E05525FB91CB}.Release|Any CPU.ActiveCfg = Release|Any CPU
		{483259A5-79D1-40D6-B0BC-E05525FB91CB}.Release|Any CPU.Build.0 = Release|Any CPU
		{39D3A0F7-0567-4775-9223-1224A787016C}.Debug|Any CPU.ActiveCfg = Debug|Any CPU
		{39D3A0F7-0567-4775-9223-1224A787016C}.Debug|Any CPU.Build.0 = Debug|Any CPU
		{39D3A0F7-0567-4775-9223-1224A787016C}.Release|Any CPU.ActiveCfg = Release|Any CPU
		{39D3A0F7-0567-4775-9223-1224A787016C}.Release|Any CPU.Build.0 = Release|Any CPU
	EndGlobalSection
	GlobalSection(SolutionProperties) = preSolution
		HideSolutionNode = FALSE
	EndGlobalSection
	GlobalSection(ExtensibilityGlobals) = postSolution
		SolutionGuid = {11306ED8-3669-4891-990B-A97E6ECF2E53}
	EndGlobalSection
EndGlobal
